
Microsoft Visual Studio Solution File, Format Version 12.00
# Visual Studio Version 16
VisualStudioVersion = 16.0.30225.117
MinimumVisualStudioVersion = 10.0.40219.1
Project("{8BC9CEB8-8B4A-11D0-8D11-00A0C91BC942}") = "STM32L0_TG", "STM32L0_TG.vcxproj", "{51C791F8-C519-4226-8774-96D94565A638}"
EndProject
Global
	GlobalSection(SolutionConfigurationPlatforms) = preSolution
		Debug|VisualGDB = Debug|VisualGDB
		Release|VisualGDB = Release|VisualGDB
	EndGlobalSection
	GlobalSection(ProjectConfigurationPlatforms) = postSolution
		{51C791F8-C519-4226-8774-96D94565A638}.Debug|VisualGDB.ActiveCfg = Debug|VisualGDB
		{51C791F8-C519-4226-8774-96D94565A638}.Debug|VisualGDB.Build.0 = Debug|VisualGDB
		{51C791F8-C519-4226-8774-96D94565A638}.Release|VisualGDB.ActiveCfg = Release|VisualGDB
		{51C791F8-C519-4226-8774-96D94565A638}.Release|VisualGDB.Build.0 = Release|VisualGDB
	EndGlobalSection
	GlobalSection(SolutionProperties) = preSolution
		HideSolutionNode = FALSE
	EndGlobalSection
	GlobalSection(ExtensibilityGlobals) = postSolution
		SolutionGuid = {B97C99B1-C075-4AE1-820C-9D5CFC1F25B3}
	EndGlobalSection
EndGlobal
