<?xml version="1.0" encoding="utf-8"?>
<Project ToolsVersion="4.0" xmlns="http://schemas.microsoft.com/developer/msbuild/2003">
  <ItemGroup>
    <Filter Include="Source files">
      <UniqueIdentifier>{e619ce50-fc1c-4cac-a0d4-1a7f7f86fbf6}</UniqueIdentifier>
      <Extensions>cpp;c;cc;cxx;def;odl;idl;hpj;bat;asm;asmx</Extensions>
    </Filter>
    <Filter Include="Header files">
      <UniqueIdentifier>{cd45184e-9ede-47a9-93ef-6b3df1eda343}</UniqueIdentifier>
      <Extensions>h;hpp;hxx;hm;inl;inc;xsd</Extensions>
    </Filter>
    <Filter Include="Resource files">
      <UniqueIdentifier>{046d5f1e-baee-4017-9222-4addba055dde}</UniqueIdentifier>
      <Extensions>rc;ico;cur;bmp;dlg;rc2;rct;bin;rgs;gif;jpg;jpeg;jpe;resx;tiff;tif;png;wav</Extensions>
    </Filter>
    <Filter Include="Source files\Device-specific files">
      <UniqueIdentifier>{19c8ded5-807b-4b1e-9920-2fe17b1128cc}</UniqueIdentifier>
    </Filter>
    <Filter Include="Source files\Device-specific files\LL">
      <UniqueIdentifier>{5e53ce52-8884-4ce0-acb8-607515ae4e7f}</UniqueIdentifier>
    </Filter>
    <Filter Include="Header files\Device-specific files">
      <UniqueIdentifier>{93d78070-da74-4cbc-8076-c16d34dc3556}</UniqueIdentifier>
    </Filter>
    <Filter Include="Header files\Device-specific files\LL">
      <UniqueIdentifier>{90b17d3e-a2c0-4e82-9a8f-073c474c687d}</UniqueIdentifier>
    </Filter>
    <Filter Include="VisualGDB settings">
      <UniqueIdentifier>{174a67df-2122-4c37-83ce-fe2209663766}</UniqueIdentifier>
    </Filter>
    <Filter Include="Header files\CL">
      <UniqueIdentifier>{8220970c-f6f2-4004-9913-e22a65b96a1d}</UniqueIdentifier>
    </Filter>
    <Filter Include="Source files\CL">
      <UniqueIdentifier>{e1752f84-e4f2-426c-8b14-9a9d770007dd}</UniqueIdentifier>
    </Filter>
    <Filter Include="Header files\ST7735">
      <UniqueIdentifier>{3cf8ae7a-73b3-40a1-a9c8-2aaef6adce7f}</UniqueIdentifier>
    </Filter>
    <Filter Include="Source files\ST7735">
      <UniqueIdentifier>{9b907663-59d4-4638-9a17-fe9a39c2c374}</UniqueIdentifier>
    </Filter>
  </ItemGroup>
  <ItemGroup>
    <ClCompile Include="STM32L0_TG.c">
      <Filter>Source files</Filter>
    </ClCompile>
    <ClCompile Include="system_stm32l0xx.c">
      <Filter>Source files</Filter>
    </ClCompile>
    <None Include="stm32.props">
      <Filter>Source files\Device-specific files</Filter>
    </None>
    <ClCompile Include="$(BSP_ROOT)\STM32L0xxxx\StartupFiles\startup_stm32l031xx.c">
      <Filter>Source files\Device-specific files</Filter>
    </ClCompile>
    <ClCompile Include="$(BSP_ROOT)\STM32L0xxxx\STM32L0xx_HAL_Driver\Src\stm32l0xx_ll_adc.c">
      <Filter>Source files\Device-specific files\LL</Filter>
    </ClCompile>
    <ClCompile Include="$(BSP_ROOT)\STM32L0xxxx\STM32L0xx_HAL_Driver\Src\stm32l0xx_ll_comp.c">
      <Filter>Source files\Device-specific files\LL</Filter>
    </ClCompile>
    <ClCompile Include="$(BSP_ROOT)\STM32L0xxxx\STM32L0xx_HAL_Driver\Src\stm32l0xx_ll_crc.c">
      <Filter>Source files\Device-specific files\LL</Filter>
    </ClCompile>
    <ClCompile Include="$(BSP_ROOT)\STM32L0xxxx\STM32L0xx_HAL_Driver\Src\stm32l0xx_ll_crs.c">
      <Filter>Source files\Device-specific files\LL</Filter>
    </ClCompile>
    <ClCompile Include="$(BSP_ROOT)\STM32L0xxxx\STM32L0xx_HAL_Driver\Src\stm32l0xx_ll_dac.c">
      <Filter>Source files\Device-specific files\LL</Filter>
    </ClCompile>
    <ClCompile Include="$(BSP_ROOT)\STM32L0xxxx\STM32L0xx_HAL_Driver\Src\stm32l0xx_ll_dma.c">
      <Filter>Source files\Device-specific files\LL</Filter>
    </ClCompile>
    <ClCompile Include="$(BSP_ROOT)\STM32L0xxxx\STM32L0xx_HAL_Driver\Src\stm32l0xx_ll_exti.c">
      <Filter>Source files\Device-specific files\LL</Filter>
    </ClCompile>
    <ClCompile Include="$(BSP_ROOT)\STM32L0xxxx\STM32L0xx_HAL_Driver\Src\stm32l0xx_ll_gpio.c">
      <Filter>Source files\Device-specific files\LL</Filter>
    </ClCompile>
    <ClCompile Include="$(BSP_ROOT)\STM32L0xxxx\STM32L0xx_HAL_Driver\Src\stm32l0xx_ll_i2c.c">
      <Filter>Source files\Device-specific files\LL</Filter>
    </ClCompile>
    <ClCompile Include="$(BSP_ROOT)\STM32L0xxxx\STM32L0xx_HAL_Driver\Src\stm32l0xx_ll_lptim.c">
      <Filter>Source files\Device-specific files\LL</Filter>
    </ClCompile>
    <ClCompile Include="$(BSP_ROOT)\STM32L0xxxx\STM32L0xx_HAL_Driver\Src\stm32l0xx_ll_lpuart.c">
      <Filter>Source files\Device-specific files\LL</Filter>
    </ClCompile>
    <ClCompile Include="$(BSP_ROOT)\STM32L0xxxx\STM32L0xx_HAL_Driver\Src\stm32l0xx_ll_pwr.c">
      <Filter>Source files\Device-specific files\LL</Filter>
    </ClCompile>
    <ClCompile Include="$(BSP_ROOT)\STM32L0xxxx\STM32L0xx_HAL_Driver\Src\stm32l0xx_ll_rcc.c">
      <Filter>Source files\Device-specific files\LL</Filter>
    </ClCompile>
    <ClCompile Include="$(BSP_ROOT)\STM32L0xxxx\STM32L0xx_HAL_Driver\Src\stm32l0xx_ll_rng.c">
      <Filter>Source files\Device-specific files\LL</Filter>
    </ClCompile>
    <ClCompile Include="$(BSP_ROOT)\STM32L0xxxx\STM32L0xx_HAL_Driver\Src\stm32l0xx_ll_rtc.c">
      <Filter>Source files\Device-specific files\LL</Filter>
    </ClCompile>
    <ClCompile Include="$(BSP_ROOT)\STM32L0xxxx\STM32L0xx_HAL_Driver\Src\stm32l0xx_ll_spi.c">
      <Filter>Source files\Device-specific files\LL</Filter>
    </ClCompile>
    <ClCompile Include="$(BSP_ROOT)\STM32L0xxxx\STM32L0xx_HAL_Driver\Src\stm32l0xx_ll_tim.c">
      <Filter>Source files\Device-specific files\LL</Filter>
    </ClCompile>
    <ClCompile Include="$(BSP_ROOT)\STM32L0xxxx\STM32L0xx_HAL_Driver\Src\stm32l0xx_ll_usart.c">
      <Filter>Source files\Device-specific files\LL</Filter>
    </ClCompile>
    <ClCompile Include="$(BSP_ROOT)\STM32L0xxxx\STM32L0xx_HAL_Driver\Src\stm32l0xx_ll_utils.c">
      <Filter>Source files\Device-specific files\LL</Filter>
    </ClCompile>
    <ClInclude Include="stm32l0xx_hal_conf.h">
      <Filter>Header files</Filter>
    </ClInclude>
    <ClInclude Include="$(BSP_ROOT)\STM32L0xxxx\STM32L0xx_HAL_Driver\Inc\stm32l0xx_ll_adc.h">
      <Filter>Header files\Device-specific files\LL</Filter>
    </ClInclude>
    <ClInclude Include="$(BSP_ROOT)\STM32L0xxxx\STM32L0xx_HAL_Driver\Inc\stm32l0xx_ll_bus.h">
      <Filter>Header files\Device-specific files\LL</Filter>
    </ClInclude>
    <ClInclude Include="$(BSP_ROOT)\STM32L0xxxx\STM32L0xx_HAL_Driver\Inc\stm32l0xx_ll_comp.h">
      <Filter>Header files\Device-specific files\LL</Filter>
    </ClInclude>
    <ClInclude Include="$(BSP_ROOT)\STM32L0xxxx\STM32L0xx_HAL_Driver\Inc\stm32l0xx_ll_cortex.h">
      <Filter>Header files\Device-specific files\LL</Filter>
    </ClInclude>
    <ClInclude Include="$(BSP_ROOT)\STM32L0xxxx\STM32L0xx_HAL_Driver\Inc\stm32l0xx_ll_crc.h">
      <Filter>Header files\Device-specific files\LL</Filter>
    </ClInclude>
    <ClInclude Include="$(BSP_ROOT)\STM32L0xxxx\STM32L0xx_HAL_Driver\Inc\stm32l0xx_ll_crs.h">
      <Filter>Header files\Device-specific files\LL</Filter>
    </ClInclude>
    <ClInclude Include="$(BSP_ROOT)\STM32L0xxxx\STM32L0xx_HAL_Driver\Inc\stm32l0xx_ll_dac.h">
      <Filter>Header files\Device-specific files\LL</Filter>
    </ClInclude>
    <ClInclude Include="$(BSP_ROOT)\STM32L0xxxx\STM32L0xx_HAL_Driver\Inc\stm32l0xx_ll_dma.h">
      <Filter>Header files\Device-specific files\LL</Filter>
    </ClInclude>
    <ClInclude Include="$(BSP_ROOT)\STM32L0xxxx\STM32L0xx_HAL_Driver\Inc\stm32l0xx_ll_exti.h">
      <Filter>Header files\Device-specific files\LL</Filter>
    </ClInclude>
    <ClInclude Include="$(BSP_ROOT)\STM32L0xxxx\STM32L0xx_HAL_Driver\Inc\stm32l0xx_ll_gpio.h">
      <Filter>Header files\Device-specific files\LL</Filter>
    </ClInclude>
    <ClInclude Include="$(BSP_ROOT)\STM32L0xxxx\STM32L0xx_HAL_Driver\Inc\stm32l0xx_ll_i2c.h">
      <Filter>Header files\Device-specific files\LL</Filter>
    </ClInclude>
    <ClInclude Include="$(BSP_ROOT)\STM32L0xxxx\STM32L0xx_HAL_Driver\Inc\stm32l0xx_ll_iwdg.h">
      <Filter>Header files\Device-specific files\LL</Filter>
    </ClInclude>
    <ClInclude Include="$(BSP_ROOT)\STM32L0xxxx\STM32L0xx_HAL_Driver\Inc\stm32l0xx_ll_lptim.h">
      <Filter>Header files\Device-specific files\LL</Filter>
    </ClInclude>
    <ClInclude Include="$(BSP_ROOT)\STM32L0xxxx\STM32L0xx_HAL_Driver\Inc\stm32l0xx_ll_lpuart.h">
      <Filter>Header files\Device-specific files\LL</Filter>
    </ClInclude>
    <ClInclude Include="$(BSP_ROOT)\STM32L0xxxx\STM32L0xx_HAL_Driver\Inc\stm32l0xx_ll_pwr.h">
      <Filter>Header files\Device-specific files\LL</Filter>
    </ClInclude>
    <ClInclude Include="$(BSP_ROOT)\STM32L0xxxx\STM32L0xx_HAL_Driver\Inc\stm32l0xx_ll_rcc.h">
      <Filter>Header files\Device-specific files\LL</Filter>
    </ClInclude>
    <ClInclude Include="$(BSP_ROOT)\STM32L0xxxx\STM32L0xx_HAL_Driver\Inc\stm32l0xx_ll_rng.h">
      <Filter>Header files\Device-specific files\LL</Filter>
    </ClInclude>
    <ClInclude Include="$(BSP_ROOT)\STM32L0xxxx\STM32L0xx_HAL_Driver\Inc\stm32l0xx_ll_rtc.h">
      <Filter>Header files\Device-specific files\LL</Filter>
    </ClInclude>
    <ClInclude Include="$(BSP_ROOT)\STM32L0xxxx\STM32L0xx_HAL_Driver\Inc\stm32l0xx_ll_spi.h">
      <Filter>Header files\Device-specific files\LL</Filter>
    </ClInclude>
    <ClInclude Include="$(BSP_ROOT)\STM32L0xxxx\STM32L0xx_HAL_Driver\Inc\stm32l0xx_ll_system.h">
      <Filter>Header files\Device-specific files\LL</Filter>
    </ClInclude>
    <ClInclude Include="$(BSP_ROOT)\STM32L0xxxx\STM32L0xx_HAL_Driver\Inc\stm32l0xx_ll_tim.h">
      <Filter>Header files\Device-specific files\LL</Filter>
    </ClInclude>
    <ClInclude Include="$(BSP_ROOT)\STM32L0xxxx\STM32L0xx_HAL_Driver\Inc\stm32l0xx_ll_usart.h">
      <Filter>Header files\Device-specific files\LL</Filter>
    </ClInclude>
    <ClInclude Include="$(BSP_ROOT)\STM32L0xxxx\STM32L0xx_HAL_Driver\Inc\stm32l0xx_ll_utils.h">
      <Filter>Header files\Device-specific files\LL</Filter>
    </ClInclude>
    <ClInclude Include="$(BSP_ROOT)\STM32L0xxxx\STM32L0xx_HAL_Driver\Inc\stm32l0xx_ll_wwdg.h">
      <Filter>Header files\Device-specific files\LL</Filter>
    </ClInclude>
    <None Include="STM32L0_TG-Debug.vgdbsettings">
      <Filter>VisualGDB settings</Filter>
    </None>
    <None Include="STM32L0_TG-Release.vgdbsettings">
      <Filter>VisualGDB settings</Filter>
    </None>
    <None Include="stm32.xml">
      <Filter>VisualGDB settings</Filter>
    </None>
    <ClCompile Include="..\STM32_COMM_LIBS\CL_delay.c">
      <Filter>Source files\CL</Filter>
    </ClCompile>
    <ClCompile Include="..\STM32_COMM_LIBS\CL_nrf24l01p.c">
      <Filter>Source files\CL</Filter>
    </ClCompile>
    <ClCompile Include="..\STM32_COMM_LIBS\CL_printMsg.c">
      <Filter>Source files\CL</Filter>
    </ClCompile>
    <ClCompile Include="..\STM32_COMM_LIBS\CL_systemClockUpdate.c">
      <Filter>Source files\CL</Filter>
    </ClCompile>
    <ClCompile Include="..\TFT_ST7735\fonts.c">
      <Filter>Source files\ST7735</Filter>
    </ClCompile>
    <ClCompile Include="..\TFT_ST7735\st7735.c">
      <Filter>Source files\ST7735</Filter>
    </ClCompile>
  </ItemGroup>
  <ItemGroup>
    <ClInclude Include="..\STM32_COMM_LIBS\CL_CONFIG.h">
      <Filter>Header files\CL</Filter>
    </ClInclude>
    <ClInclude Include="..\STM32_COMM_LIBS\CL_delay.h">
      <Filter>Header files\CL</Filter>
    </ClInclude>
    <ClInclude Include="..\STM32_COMM_LIBS\CL_nrf24l01p.h">
      <Filter>Header files\CL</Filter>
    </ClInclude>
    <ClInclude Include="..\STM32_COMM_LIBS\CL_printMsg.h">
      <Filter>Header files\CL</Filter>
    </ClInclude>
    <ClInclude Include="..\STM32_COMM_LIBS\CL_systemClockUpdate.h">
      <Filter>Header files\CL</Filter>
    </ClInclude>
    <ClInclude Include="..\TFT_ST7735\fonts.h">
      <Filter>Header files\ST7735</Filter>
    </ClInclude>
    <ClInclude Include="..\TFT_ST7735\st7735.h">
      <Filter>Header files\ST7735</Filter>
    </ClInclude>
    <ClInclude Include="..\TFT_ST7735\st7735_cfg.h">
      <Filter>Header files\ST7735</Filter>
    </ClInclude>
    <ClInclude Include="..\TFT_ST7735\testimg.h">
      <Filter>Header files\ST7735</Filter>
    </ClInclude>
    <ClInclude Include="..\TFT_ST7735\testimg2.h">
      <Filter>Header files\ST7735</Filter>
    </ClInclude>
  </ItemGroup>
</Project>